// !$*UTF8*$!
{
	archiveVersion = 1;
	classes = {
	};
	objectVersion = 56;
	objects = {

/* Begin PBXBuildFile section */
		240B3AB129F6BA65004E94EE /* news_appApp.swift in Sources */ = {isa = PBXBuildFile; fileRef = 240B3AB029F6BA65004E94EE /* news_appApp.swift */; };
		240B3AB529F6BA67004E94EE /* Assets.xcassets in Resources */ = {isa = PBXBuildFile; fileRef = 240B3AB429F6BA67004E94EE /* Assets.xcassets */; };
		240B3AB829F6BA67004E94EE /* Preview Assets.xcassets in Resources */ = {isa = PBXBuildFile; fileRef = 240B3AB729F6BA67004E94EE /* Preview Assets.xcassets */; };
		240B3AC229F6BAB5004E94EE /* HomeView.swift in Sources */ = {isa = PBXBuildFile; fileRef = 240B3AC129F6BAB5004E94EE /* HomeView.swift */; };
		240B3AC629F6C56A004E94EE /* GamesEnum.swift in Sources */ = {isa = PBXBuildFile; fileRef = 240B3AC529F6C56A004E94EE /* GamesEnum.swift */; };
		240B3AC929F6C5EB004E94EE /* CardNews.swift in Sources */ = {isa = PBXBuildFile; fileRef = 240B3AC829F6C5EB004E94EE /* CardNews.swift */; };
		240B3ACD29F771A9004E94EE /* NintendoTabView.swift in Sources */ = {isa = PBXBuildFile; fileRef = 240B3ACC29F771A9004E94EE /* NintendoTabView.swift */; };
		2434C9572A17AEFD008AECAF /* XboxTabView.swift in Sources */ = {isa = PBXBuildFile; fileRef = 2434C9562A17AEFD008AECAF /* XboxTabView.swift */; };
		2434C9592A17AF0E008AECAF /* PlaystationTabView.swift in Sources */ = {isa = PBXBuildFile; fileRef = 2434C9582A17AF0E008AECAF /* PlaystationTabView.swift */; };
		2434C95B2A17AF19008AECAF /* SteamTabView.swift in Sources */ = {isa = PBXBuildFile; fileRef = 2434C95A2A17AF19008AECAF /* SteamTabView.swift */; };
		244399642A0887F90032D98D /* NewsEntity.swift in Sources */ = {isa = PBXBuildFile; fileRef = 244399632A0887F90032D98D /* NewsEntity.swift */; };
		244399682A0889EB0032D98D /* HomeInteractor.swift in Sources */ = {isa = PBXBuildFile; fileRef = 244399672A0889EB0032D98D /* HomeInteractor.swift */; };
		24806FA92A16F922005EF4C0 /* ProgressLoading.swift in Sources */ = {isa = PBXBuildFile; fileRef = 24806FA82A16F922005EF4C0 /* ProgressLoading.swift */; };
		2498D5142A12714D0075D39C /* HomeProtocol.swift in Sources */ = {isa = PBXBuildFile; fileRef = 2498D5132A12714D0075D39C /* HomeProtocol.swift */; };
		2498D5172A13A3400075D39C /* HomePresenter.swift in Sources */ = {isa = PBXBuildFile; fileRef = 2498D5162A13A3400075D39C /* HomePresenter.swift */; };
/* End PBXBuildFile section */

/* Begin PBXFileReference section */
		240B3AAD29F6BA65004E94EE /* news-app.app */ = {isa = PBXFileReference; explicitFileType = wrapper.application; includeInIndex = 0; path = "news-app.app"; sourceTree = BUILT_PRODUCTS_DIR; };
		240B3AB029F6BA65004E94EE /* news_appApp.swift */ = {isa = PBXFileReference; lastKnownFileType = sourcecode.swift; path = news_appApp.swift; sourceTree = "<group>"; };
		240B3AB429F6BA67004E94EE /* Assets.xcassets */ = {isa = PBXFileReference; lastKnownFileType = folder.assetcatalog; path = Assets.xcassets; sourceTree = "<group>"; };
		240B3AB729F6BA67004E94EE /* Preview Assets.xcassets */ = {isa = PBXFileReference; lastKnownFileType = folder.assetcatalog; path = "Preview Assets.xcassets"; sourceTree = "<group>"; };
		240B3AC129F6BAB5004E94EE /* HomeView.swift */ = {isa = PBXFileReference; lastKnownFileType = sourcecode.swift; path = HomeView.swift; sourceTree = "<group>"; };
		240B3AC529F6C56A004E94EE /* GamesEnum.swift */ = {isa = PBXFileReference; lastKnownFileType = sourcecode.swift; path = GamesEnum.swift; sourceTree = "<group>"; };
		240B3AC829F6C5EB004E94EE /* CardNews.swift */ = {isa = PBXFileReference; lastKnownFileType = sourcecode.swift; path = CardNews.swift; sourceTree = "<group>"; };
		240B3ACC29F771A9004E94EE /* NintendoTabView.swift */ = {isa = PBXFileReference; lastKnownFileType = sourcecode.swift; path = NintendoTabView.swift; sourceTree = "<group>"; };
		2434C9562A17AEFD008AECAF /* XboxTabView.swift */ = {isa = PBXFileReference; lastKnownFileType = sourcecode.swift; path = XboxTabView.swift; sourceTree = "<group>"; };
		2434C9582A17AF0E008AECAF /* PlaystationTabView.swift */ = {isa = PBXFileReference; lastKnownFileType = sourcecode.swift; path = PlaystationTabView.swift; sourceTree = "<group>"; };
		2434C95A2A17AF19008AECAF /* SteamTabView.swift */ = {isa = PBXFileReference; lastKnownFileType = sourcecode.swift; path = SteamTabView.swift; sourceTree = "<group>"; };
		244399632A0887F90032D98D /* NewsEntity.swift */ = {isa = PBXFileReference; lastKnownFileType = sourcecode.swift; path = NewsEntity.swift; sourceTree = "<group>"; };
		244399672A0889EB0032D98D /* HomeInteractor.swift */ = {isa = PBXFileReference; lastKnownFileType = sourcecode.swift; path = HomeInteractor.swift; sourceTree = "<group>"; };
		24806FA82A16F922005EF4C0 /* ProgressLoading.swift */ = {isa = PBXFileReference; lastKnownFileType = sourcecode.swift; path = ProgressLoading.swift; sourceTree = "<group>"; };
		2498D5132A12714D0075D39C /* HomeProtocol.swift */ = {isa = PBXFileReference; lastKnownFileType = sourcecode.swift; path = HomeProtocol.swift; sourceTree = "<group>"; };
		2498D5162A13A3400075D39C /* HomePresenter.swift */ = {isa = PBXFileReference; lastKnownFileType = sourcecode.swift; path = HomePresenter.swift; sourceTree = "<group>"; };
/* End PBXFileReference section */

/* Begin PBXFrameworksBuildPhase section */
		240B3AAA29F6BA65004E94EE /* Frameworks */ = {
			isa = PBXFrameworksBuildPhase;
			buildActionMask = 2147483647;
			files = (
			);
			runOnlyForDeploymentPostprocessing = 0;
		};
/* End PBXFrameworksBuildPhase section */

/* Begin PBXGroup section */
		240B3AA429F6BA65004E94EE = {
			isa = PBXGroup;
			children = (
				240B3AAF29F6BA65004E94EE /* news-app */,
				240B3AAE29F6BA65004E94EE /* Products */,
			);
			sourceTree = "<group>";
		};
		240B3AAE29F6BA65004E94EE /* Products */ = {
			isa = PBXGroup;
			children = (
				240B3AAD29F6BA65004E94EE /* news-app.app */,
			);
			name = Products;
			sourceTree = "<group>";
		};
		240B3AAF29F6BA65004E94EE /* news-app */ = {
			isa = PBXGroup;
			children = (
				240B3ABE29F6BA78004E94EE /* features */,
				240B3AB029F6BA65004E94EE /* news_appApp.swift */,
				240B3AB429F6BA67004E94EE /* Assets.xcassets */,
				240B3AB629F6BA67004E94EE /* Preview Content */,
			);
			path = "news-app";
			sourceTree = "<group>";
		};
		240B3AB629F6BA67004E94EE /* Preview Content */ = {
			isa = PBXGroup;
			children = (
				240B3AB729F6BA67004E94EE /* Preview Assets.xcassets */,
			);
			path = "Preview Content";
			sourceTree = "<group>";
		};
		240B3ABE29F6BA78004E94EE /* features */ = {
			isa = PBXGroup;
			children = (
				240B3ABF29F6BA84004E94EE /* home */,
			);
			path = features;
			sourceTree = "<group>";
		};
		240B3ABF29F6BA84004E94EE /* home */ = {
			isa = PBXGroup;
			children = (
				2498D5152A13A3250075D39C /* presenter */,
				2498D5122A12713B0075D39C /* protocol */,
				244399662A0889A90032D98D /* interactor */,
				244399652A0889750032D98D /* util */,
				244399622A0887E50032D98D /* entity */,
				240B3AC029F6BAA4004E94EE /* view */,
			);
			path = home;
			sourceTree = "<group>";
		};
		240B3AC029F6BAA4004E94EE /* view */ = {
			isa = PBXGroup;
			children = (
				240B3ACB29F7715A004E94EE /* tabs */,
				240B3AC729F6C5DB004E94EE /* components */,
				240B3AC129F6BAB5004E94EE /* HomeView.swift */,
			);
			path = view;
			sourceTree = "<group>";
		};
		240B3AC429F6C54F004E94EE /* enum */ = {
			isa = PBXGroup;
			children = (
				240B3AC529F6C56A004E94EE /* GamesEnum.swift */,
			);
			path = enum;
			sourceTree = "<group>";
		};
		240B3AC729F6C5DB004E94EE /* components */ = {
			isa = PBXGroup;
			children = (
				240B3AC829F6C5EB004E94EE /* CardNews.swift */,
				24806FA82A16F922005EF4C0 /* ProgressLoading.swift */,
			);
			path = components;
			sourceTree = "<group>";
		};
		240B3ACB29F7715A004E94EE /* tabs */ = {
			isa = PBXGroup;
			children = (
				240B3ACC29F771A9004E94EE /* NintendoTabView.swift */,
				2434C9562A17AEFD008AECAF /* XboxTabView.swift */,
				2434C9582A17AF0E008AECAF /* PlaystationTabView.swift */,
				2434C95A2A17AF19008AECAF /* SteamTabView.swift */,
			);
			path = tabs;
			sourceTree = "<group>";
		};
		244399622A0887E50032D98D /* entity */ = {
			isa = PBXGroup;
			children = (
				244399632A0887F90032D98D /* NewsEntity.swift */,
			);
			path = entity;
			sourceTree = "<group>";
		};
		244399652A0889750032D98D /* util */ = {
			isa = PBXGroup;
			children = (
				240B3AC429F6C54F004E94EE /* enum */,
			);
			path = util;
			sourceTree = "<group>";
		};
		244399662A0889A90032D98D /* interactor */ = {
			isa = PBXGroup;
			children = (
				244399672A0889EB0032D98D /* HomeInteractor.swift */,
			);
			path = interactor;
			sourceTree = "<group>";
		};
		2498D5122A12713B0075D39C /* protocol */ = {
			isa = PBXGroup;
			children = (
				2498D5132A12714D0075D39C /* HomeProtocol.swift */,
			);
			path = protocol;
			sourceTree = "<group>";
		};
		2498D5152A13A3250075D39C /* presenter */ = {
			isa = PBXGroup;
			children = (
				2498D5162A13A3400075D39C /* HomePresenter.swift */,
			);
			path = presenter;
			sourceTree = "<group>";
		};
/* End PBXGroup section */

/* Begin PBXNativeTarget section */
		240B3AAC29F6BA65004E94EE /* news-app */ = {
			isa = PBXNativeTarget;
			buildConfigurationList = 240B3ABB29F6BA67004E94EE /* Build configuration list for PBXNativeTarget "news-app" */;
			buildPhases = (
				240B3AA929F6BA65004E94EE /* Sources */,
				240B3AAA29F6BA65004E94EE /* Frameworks */,
				240B3AAB29F6BA65004E94EE /* Resources */,
			);
			buildRules = (
			);
			dependencies = (
			);
			name = "news-app";
			productName = "news-app";
			productReference = 240B3AAD29F6BA65004E94EE /* news-app.app */;
			productType = "com.apple.product-type.application";
		};
/* End PBXNativeTarget section */

/* Begin PBXProject section */
		240B3AA529F6BA65004E94EE /* Project object */ = {
			isa = PBXProject;
			attributes = {
				BuildIndependentTargetsInParallel = 1;
				LastSwiftUpdateCheck = 1420;
				LastUpgradeCheck = 1420;
				TargetAttributes = {
					240B3AAC29F6BA65004E94EE = {
						CreatedOnToolsVersion = 14.2;
					};
				};
			};
			buildConfigurationList = 240B3AA829F6BA65004E94EE /* Build configuration list for PBXProject "news-app" */;
			compatibilityVersion = "Xcode 14.0";
			developmentRegion = en;
			hasScannedForEncodings = 0;
			knownRegions = (
				en,
				Base,
			);
			mainGroup = 240B3AA429F6BA65004E94EE;
			productRefGroup = 240B3AAE29F6BA65004E94EE /* Products */;
			projectDirPath = "";
			projectRoot = "";
			targets = (
				240B3AAC29F6BA65004E94EE /* news-app */,
			);
		};
/* End PBXProject section */

/* Begin PBXResourcesBuildPhase section */
		240B3AAB29F6BA65004E94EE /* Resources */ = {
			isa = PBXResourcesBuildPhase;
			buildActionMask = 2147483647;
			files = (
				240B3AB829F6BA67004E94EE /* Preview Assets.xcassets in Resources */,
				240B3AB529F6BA67004E94EE /* Assets.xcassets in Resources */,
			);
			runOnlyForDeploymentPostprocessing = 0;
		};
/* End PBXResourcesBuildPhase section */

/* Begin PBXSourcesBuildPhase section */
		240B3AA929F6BA65004E94EE /* Sources */ = {
			isa = PBXSourcesBuildPhase;
			buildActionMask = 2147483647;
			files = (
				2498D5142A12714D0075D39C /* HomeProtocol.swift in Sources */,
				240B3AC929F6C5EB004E94EE /* CardNews.swift in Sources */,
				244399642A0887F90032D98D /* NewsEntity.swift in Sources */,
				240B3ACD29F771A9004E94EE /* NintendoTabView.swift in Sources */,
				2434C9572A17AEFD008AECAF /* XboxTabView.swift in Sources */,
				240B3AC229F6BAB5004E94EE /* HomeView.swift in Sources */,
				240B3AC629F6C56A004E94EE /* GamesEnum.swift in Sources */,
				2498D5172A13A3400075D39C /* HomePresenter.swift in Sources */,
				240B3AB129F6BA65004E94EE /* news_appApp.swift in Sources */,
				2434C9592A17AF0E008AECAF /* PlaystationTabView.swift in Sources */,
				244399682A0889EB0032D98D /* HomeInteractor.swift in Sources */,
				24806FA92A16F922005EF4C0 /* ProgressLoading.swift in Sources */,
				2434C95B2A17AF19008AECAF /* SteamTabView.swift in Sources */,
			);
			runOnlyForDeploymentPostprocessing = 0;
		};
/* End PBXSourcesBuildPhase section */

/* Begin XCBuildConfiguration section */
		240B3AB929F6BA67004E94EE /* Debug */ = {
			isa = XCBuildConfiguration;
			buildSettings = {
				ALWAYS_SEARCH_USER_PATHS = NO;
				CLANG_ANALYZER_NONNULL = YES;
				CLANG_ANALYZER_NUMBER_OBJECT_CONVERSION = YES_AGGRESSIVE;
				CLANG_CXX_LANGUAGE_STANDARD = "gnu++20";
				CLANG_ENABLE_MODULES = YES;
				CLANG_ENABLE_OBJC_ARC = YES;
				CLANG_ENABLE_OBJC_WEAK = YES;
				CLANG_WARN_BLOCK_CAPTURE_AUTORELEASING = YES;
				CLANG_WARN_BOOL_CONVERSION = YES;
				CLANG_WARN_COMMA = YES;
				CLANG_WARN_CONSTANT_CONVERSION = YES;
				CLANG_WARN_DEPRECATED_OBJC_IMPLEMENTATIONS = YES;
				CLANG_WARN_DIRECT_OBJC_ISA_USAGE = YES_ERROR;
				CLANG_WARN_DOCUMENTATION_COMMENTS = YES;
				CLANG_WARN_EMPTY_BODY = YES;
				CLANG_WARN_ENUM_CONVERSION = YES;
				CLANG_WARN_INFINITE_RECURSION = YES;
				CLANG_WARN_INT_CONVERSION = YES;
				CLANG_WARN_NON_LITERAL_NULL_CONVERSION = YES;
				CLANG_WARN_OBJC_IMPLICIT_RETAIN_SELF = YES;
				CLANG_WARN_OBJC_LITERAL_CONVERSION = YES;
				CLANG_WARN_OBJC_ROOT_CLASS = YES_ERROR;
				CLANG_WARN_QUOTED_INCLUDE_IN_FRAMEWORK_HEADER = YES;
				CLANG_WARN_RANGE_LOOP_ANALYSIS = YES;
				CLANG_WARN_STRICT_PROTOTYPES = YES;
				CLANG_WARN_SUSPICIOUS_MOVE = YES;
				CLANG_WARN_UNGUARDED_AVAILABILITY = YES_AGGRESSIVE;
				CLANG_WARN_UNREACHABLE_CODE = YES;
				CLANG_WARN__DUPLICATE_METHOD_MATCH = YES;
				COPY_PHASE_STRIP = NO;
				DEBUG_INFORMATION_FORMAT = dwarf;
				ENABLE_STRICT_OBJC_MSGSEND = YES;
				ENABLE_TESTABILITY = YES;
				GCC_C_LANGUAGE_STANDARD = gnu11;
				GCC_DYNAMIC_NO_PIC = NO;
				GCC_NO_COMMON_BLOCKS = YES;
				GCC_OPTIMIZATION_LEVEL = 0;
				GCC_PREPROCESSOR_DEFINITIONS = (
					"DEBUG=1",
					"$(inherited)",
				);
				GCC_WARN_64_TO_32_BIT_CONVERSION = YES;
				GCC_WARN_ABOUT_RETURN_TYPE = YES_ERROR;
				GCC_WARN_UNDECLARED_SELECTOR = YES;
				GCC_WARN_UNINITIALIZED_AUTOS = YES_AGGRESSIVE;
				GCC_WARN_UNUSED_FUNCTION = YES;
				GCC_WARN_UNUSED_VARIABLE = YES;
				IPHONEOS_DEPLOYMENT_TARGET = 15.0;
				MTL_ENABLE_DEBUG_INFO = INCLUDE_SOURCE;
				MTL_FAST_MATH = YES;
				ONLY_ACTIVE_ARCH = YES;
				SDKROOT = iphoneos;
				SWIFT_ACTIVE_COMPILATION_CONDITIONS = DEBUG;
				SWIFT_OPTIMIZATION_LEVEL = "-Onone";
			};
			name = Debug;
		};
		240B3ABA29F6BA67004E94EE /* Release */ = {
			isa = XCBuildConfiguration;
			buildSettings = {
				ALWAYS_SEARCH_USER_PATHS = NO;
				CLANG_ANALYZER_NONNULL = YES;
				CLANG_ANALYZER_NUMBER_OBJECT_CONVERSION = YES_AGGRESSIVE;
				CLANG_CXX_LANGUAGE_STANDARD = "gnu++20";
				CLANG_ENABLE_MODULES = YES;
				CLANG_ENABLE_OBJC_ARC = YES;
				CLANG_ENABLE_OBJC_WEAK = YES;
				CLANG_WARN_BLOCK_CAPTURE_AUTORELEASING = YES;
				CLANG_WARN_BOOL_CONVERSION = YES;
				CLANG_WARN_COMMA = YES;
				CLANG_WARN_CONSTANT_CONVERSION = YES;
				CLANG_WARN_DEPRECATED_OBJC_IMPLEMENTATIONS = YES;
				CLANG_WARN_DIRECT_OBJC_ISA_USAGE = YES_ERROR;
				CLANG_WARN_DOCUMENTATION_COMMENTS = YES;
				CLANG_WARN_EMPTY_BODY = YES;
				CLANG_WARN_ENUM_CONVERSION = YES;
				CLANG_WARN_INFINITE_RECURSION = YES;
				CLANG_WARN_INT_CONVERSION = YES;
				CLANG_WARN_NON_LITERAL_NULL_CONVERSION = YES;
				CLANG_WARN_OBJC_IMPLICIT_RETAIN_SELF = YES;
				CLANG_WARN_OBJC_LITERAL_CONVERSION = YES;
				CLANG_WARN_OBJC_ROOT_CLASS = YES_ERROR;
				CLANG_WARN_QUOTED_INCLUDE_IN_FRAMEWORK_HEADER = YES;
				CLANG_WARN_RANGE_LOOP_ANALYSIS = YES;
				CLANG_WARN_STRICT_PROTOTYPES = YES;
				CLANG_WARN_SUSPICIOUS_MOVE = YES;
				CLANG_WARN_UNGUARDED_AVAILABILITY = YES_AGGRESSIVE;
				CLANG_WARN_UNREACHABLE_CODE = YES;
				CLANG_WARN__DUPLICATE_METHOD_MATCH = YES;
				COPY_PHASE_STRIP = NO;
				DEBUG_INFORMATION_FORMAT = "dwarf-with-dsym";
				ENABLE_NS_ASSERTIONS = NO;
				ENABLE_STRICT_OBJC_MSGSEND = YES;
				GCC_C_LANGUAGE_STANDARD = gnu11;
				GCC_NO_COMMON_BLOCKS = YES;
				GCC_WARN_64_TO_32_BIT_CONVERSION = YES;
				GCC_WARN_ABOUT_RETURN_TYPE = YES_ERROR;
				GCC_WARN_UNDECLARED_SELECTOR = YES;
				GCC_WARN_UNINITIALIZED_AUTOS = YES_AGGRESSIVE;
				GCC_WARN_UNUSED_FUNCTION = YES;
				GCC_WARN_UNUSED_VARIABLE = YES;
				IPHONEOS_DEPLOYMENT_TARGET = 15.0;
				MTL_ENABLE_DEBUG_INFO = NO;
				MTL_FAST_MATH = YES;
				SDKROOT = iphoneos;
				SWIFT_COMPILATION_MODE = wholemodule;
				SWIFT_OPTIMIZATION_LEVEL = "-O";
				VALIDATE_PRODUCT = YES;
			};
			name = Release;
		};
		240B3ABC29F6BA67004E94EE /* Debug */ = {
			isa = XCBuildConfiguration;
			buildSettings = {
				ASSETCATALOG_COMPILER_APPICON_NAME = AppIcon;
				ASSETCATALOG_COMPILER_GLOBAL_ACCENT_COLOR_NAME = AccentColor;
				CODE_SIGN_STYLE = Automatic;
				CURRENT_PROJECT_VERSION = 1;
				DEVELOPMENT_ASSET_PATHS = "\"news-app/Preview Content\"";
				DEVELOPMENT_TEAM = QNW59SGYAU;
				ENABLE_PREVIEWS = YES;
				GENERATE_INFOPLIST_FILE = YES;
				INFOPLIST_KEY_UIApplicationSceneManifest_Generation = YES;
				INFOPLIST_KEY_UIApplicationSupportsIndirectInputEvents = YES;
				INFOPLIST_KEY_UILaunchScreen_Generation = YES;
				INFOPLIST_KEY_UISupportedInterfaceOrientations_iPad = "UIInterfaceOrientationPortrait UIInterfaceOrientationPortraitUpsideDown UIInterfaceOrientationLandscapeLeft UIInterfaceOrientationLandscapeRight";
				INFOPLIST_KEY_UISupportedInterfaceOrientations_iPhone = "UIInterfaceOrientationPortrait UIInterfaceOrientationLandscapeLeft UIInterfaceOrientationLandscapeRight";
				IPHONEOS_DEPLOYMENT_TARGET = 15.0;
				LD_RUNPATH_SEARCH_PATHS = (
					"$(inherited)",
					"@executable_path/Frameworks",
				);
				MARKETING_VERSION = 1.0;
				PRODUCT_BUNDLE_IDENTIFIER = "com.andre.news-app";
				PRODUCT_NAME = "$(TARGET_NAME)";
				SUPPORTED_PLATFORMS = "iphoneos iphonesimulator";
				SUPPORTS_MACCATALYST = NO;
				SUPPORTS_MAC_DESIGNED_FOR_IPHONE_IPAD = NO;
				SWIFT_EMIT_LOC_STRINGS = YES;
				SWIFT_VERSION = 5.0;
				TARGETED_DEVICE_FAMILY = "1,2";
			};
			name = Debug;
		};
		240B3ABD29F6BA67004E94EE /* Release */ = {
			isa = XCBuildConfiguration;
			buildSettings = {
				ASSETCATALOG_COMPILER_APPICON_NAME = AppIcon;
				ASSETCATALOG_COMPILER_GLOBAL_ACCENT_COLOR_NAME = AccentColor;
				CODE_SIGN_STYLE = Automatic;
				CURRENT_PROJECT_VERSION = 1;
				DEVELOPMENT_ASSET_PATHS = "\"news-app/Preview Content\"";
				DEVELOPMENT_TEAM = QNW59SGYAU;
				ENABLE_PREVIEWS = YES;
				GENERATE_INFOPLIST_FILE = YES;
				INFOPLIST_KEY_UIApplicationSceneManifest_Generation = YES;
				INFOPLIST_KEY_UIApplicationSupportsIndirectInputEvents = YES;
				INFOPLIST_KEY_UILaunchScreen_Generation = YES;
				INFOPLIST_KEY_UISupportedInterfaceOrientations_iPad = "UIInterfaceOrientationPortrait UIInterfaceOrientationPortraitUpsideDown UIInterfaceOrientationLandscapeLeft UIInterfaceOrientationLandscapeRight";
				INFOPLIST_KEY_UISupportedInterfaceOrientations_iPhone = "UIInterfaceOrientationPortrait UIInterfaceOrientationLandscapeLeft UIInterfaceOrientationLandscapeRight";
				IPHONEOS_DEPLOYMENT_TARGET = 15.0;
				LD_RUNPATH_SEARCH_PATHS = (
					"$(inherited)",
					"@executable_path/Frameworks",
				);
				MARKETING_VERSION = 1.0;
				PRODUCT_BUNDLE_IDENTIFIER = "com.andre.news-app";
				PRODUCT_NAME = "$(TARGET_NAME)";
				SUPPORTED_PLATFORMS = "iphoneos iphonesimulator";
				SUPPORTS_MACCATALYST = NO;
				SUPPORTS_MAC_DESIGNED_FOR_IPHONE_IPAD = NO;
				SWIFT_EMIT_LOC_STRINGS = YES;
				SWIFT_VERSION = 5.0;
				TARGETED_DEVICE_FAMILY = "1,2";
			};
			name = Release;
		};
/* End XCBuildConfiguration section */

/* Begin XCConfigurationList section */
		240B3AA829F6BA65004E94EE /* Build configuration list for PBXProject "news-app" */ = {
			isa = XCConfigurationList;
			buildConfigurations = (
				240B3AB929F6BA67004E94EE /* Debug */,
				240B3ABA29F6BA67004E94EE /* Release */,
			);
			defaultConfigurationIsVisible = 0;
			defaultConfigurationName = Release;
		};
		240B3ABB29F6BA67004E94EE /* Build configuration list for PBXNativeTarget "news-app" */ = {
			isa = XCConfigurationList;
			buildConfigurations = (
				240B3ABC29F6BA67004E94EE /* Debug */,
				240B3ABD29F6BA67004E94EE /* Release */,
			);
			defaultConfigurationIsVisible = 0;
			defaultConfigurationName = Release;
		};
/* End XCConfigurationList section */
	};
	rootObject = 240B3AA529F6BA65004E94EE /* Project object */;
}
